
Microsoft Visual Studio Solution File, Format Version 12.00
# Visual Studio Version 16
VisualStudioVersion = 16.0.31624.102
MinimumVisualStudioVersion = 10.0.40219.1
Project("{FAE04EC0-301F-11D3-BF4B-00C04F79EFBC}") = "ProjectTwo", "ProjectTwo\ProjectTwo.csproj", "{72692BD8-7820-4E1D-8E6A-7A14C4524357}"
EndProject
Global
	GlobalSection(SolutionConfigurationPlatforms) = preSolution
		Debug|Any CPU = Debug|Any CPU
		Release|Any CPU = Release|Any CPU
	EndGlobalSection
	GlobalSection(ProjectConfigurationPlatforms) = postSolution
		{72692BD8-7820-4E1D-8E6A-7A14C4524357}.Debug|Any CPU.ActiveCfg = Debug|Any CPU
		{72692BD8-7820-4E1D-8E6A-7A14C4524357}.Debug|Any CPU.Build.0 = Debug|Any CPU
		{72692BD8-7820-4E1D-8E6A-7A14C4524357}.Release|Any CPU.ActiveCfg = Release|Any CPU
		{72692BD8-7820-4E1D-8E6A-7A14C4524357}.Release|Any CPU.Build.0 = Release|Any CPU
	EndGlobalSection
	GlobalSection(SolutionProperties) = preSolution
		HideSolutionNode = FALSE
	EndGlobalSection
	GlobalSection(ExtensibilityGlobals) = postSolution
		SolutionGuid = {5F5414B1-3352-45C9-8C76-390A1016E934}
	EndGlobalSection
EndGlobal
